// !$*UTF8*$!
{
	archiveVersion = 1;
	classes = {
	};
	objectVersion = 46;
	objects = {

/* Begin PBXBuildFile section */
		34388FB11CDD4892004027E7 /* LoginViewController.swift in Sources */ = {isa = PBXBuildFile; fileRef = 34388FB01CDD4892004027E7 /* LoginViewController.swift */; };
		343D83451CEA967D002A9421 /* ChildrenAdd.swift in Sources */ = {isa = PBXBuildFile; fileRef = 343D83441CEA967D002A9421 /* ChildrenAdd.swift */; };
		343D83471CEA99A4002A9421 /* CoreData.framework in Frameworks */ = {isa = PBXBuildFile; fileRef = 343D83461CEA99A4002A9421 /* CoreData.framework */; };
		345AF4251CF6A26700EE8192 /* TabBar.swift in Sources */ = {isa = PBXBuildFile; fileRef = 345AF4241CF6A26700EE8192 /* TabBar.swift */; };
		347A864B1CA831F7008405A9 /* CoreLocation.framework in Frameworks */ = {isa = PBXBuildFile; fileRef = 347A864A1CA831F7008405A9 /* CoreLocation.framework */; };
		347A864D1CA831FD008405A9 /* MapKit.framework in Frameworks */ = {isa = PBXBuildFile; fileRef = 347A864C1CA831FD008405A9 /* MapKit.framework */; };
		347BC6C91CDC33CA007EAB4C /* RegisterPageViewController.swift in Sources */ = {isa = PBXBuildFile; fileRef = 347BC6C81CDC33CA007EAB4C /* RegisterPageViewController.swift */; };
		347D222A1CDF3A0C0035FA28 /* PeredachaData.swift in Sources */ = {isa = PBXBuildFile; fileRef = 347D22291CDF3A0C0035FA28 /* PeredachaData.swift */; };
		348C6AAA1C9B41760010EB3A /* ViewController.swift in Sources */ = {isa = PBXBuildFile; fileRef = 348C6AA91C9B41760010EB3A /* ViewController.swift */; };
		34DD87631CF3A40F006FA236 /* ChildrenViewController.swift in Sources */ = {isa = PBXBuildFile; fileRef = 34DD87621CF3A40F006FA236 /* ChildrenViewController.swift */; };
		34DD87651CF3B735006FA236 /* CellChildrenTableView.swift in Sources */ = {isa = PBXBuildFile; fileRef = 34DD87641CF3B735006FA236 /* CellChildrenTableView.swift */; };
		34E0B9191CEBEBC200DF027E /* Users.xcdatamodeld in Sources */ = {isa = PBXBuildFile; fileRef = 34E0B9171CEBEBC200DF027E /* Users.xcdatamodeld */; };
		34E0B91C1CEBED0900DF027E /* User+CoreDataProperties.swift in Sources */ = {isa = PBXBuildFile; fileRef = 34E0B91A1CEBED0900DF027E /* User+CoreDataProperties.swift */; };
		34E0B91D1CEBED0900DF027E /* User.swift in Sources */ = {isa = PBXBuildFile; fileRef = 34E0B91B1CEBED0900DF027E /* User.swift */; };
		34E393981CAC1543009DC6CA /* UserData.swift in Sources */ = {isa = PBXBuildFile; fileRef = 34E393971CAC1543009DC6CA /* UserData.swift */; };
		34E47EA81C7CFDCF002A1949 /* AppDelegate.swift in Sources */ = {isa = PBXBuildFile; fileRef = 34E47EA71C7CFDCF002A1949 /* AppDelegate.swift */; };
		34E47EAD1C7CFDCF002A1949 /* Main.storyboard in Resources */ = {isa = PBXBuildFile; fileRef = 34E47EAB1C7CFDCF002A1949 /* Main.storyboard */; };
		34E47EAF1C7CFDCF002A1949 /* Assets.xcassets in Resources */ = {isa = PBXBuildFile; fileRef = 34E47EAE1C7CFDCF002A1949 /* Assets.xcassets */; };
		34E47EB21C7CFDCF002A1949 /* LaunchScreen.storyboard in Resources */ = {isa = PBXBuildFile; fileRef = 34E47EB01C7CFDCF002A1949 /* LaunchScreen.storyboard */; };
		34E47EBA1C7CFDD8002A1949 /* Podfile in Resources */ = {isa = PBXBuildFile; fileRef = 34E47EB91C7CFDD8002A1949 /* Podfile */; };
		34FEC82D1CABF2EC0089ABF6 /* ConnectSockets.swift in Sources */ = {isa = PBXBuildFile; fileRef = 34FEC82C1CABF2EC0089ABF6 /* ConnectSockets.swift */; };
		8E545EA83A8B07E56F2AA7C6 /* Pods.framework in Frameworks */ = {isa = PBXBuildFile; fileRef = 96E243E04F06792B73F35FC1 /* Pods.framework */; };
/* End PBXBuildFile section */

/* Begin PBXFileReference section */
		34388FB01CDD4892004027E7 /* LoginViewController.swift */ = {isa = PBXFileReference; fileEncoding = 4; lastKnownFileType = sourcecode.swift; path = LoginViewController.swift; sourceTree = "<group>"; };
		343D83441CEA967D002A9421 /* ChildrenAdd.swift */ = {isa = PBXFileReference; fileEncoding = 4; lastKnownFileType = sourcecode.swift; path = ChildrenAdd.swift; sourceTree = "<group>"; };
		343D83461CEA99A4002A9421 /* CoreData.framework */ = {isa = PBXFileReference; lastKnownFileType = wrapper.framework; name = CoreData.framework; path = System/Library/Frameworks/CoreData.framework; sourceTree = SDKROOT; };
		345AF4241CF6A26700EE8192 /* TabBar.swift */ = {isa = PBXFileReference; fileEncoding = 4; lastKnownFileType = sourcecode.swift; path = TabBar.swift; sourceTree = "<group>"; };
		347A864A1CA831F7008405A9 /* CoreLocation.framework */ = {isa = PBXFileReference; lastKnownFileType = wrapper.framework; name = CoreLocation.framework; path = System/Library/Frameworks/CoreLocation.framework; sourceTree = SDKROOT; };
		347A864C1CA831FD008405A9 /* MapKit.framework */ = {isa = PBXFileReference; lastKnownFileType = wrapper.framework; name = MapKit.framework; path = System/Library/Frameworks/MapKit.framework; sourceTree = SDKROOT; };
		347BC6C81CDC33CA007EAB4C /* RegisterPageViewController.swift */ = {isa = PBXFileReference; fileEncoding = 4; lastKnownFileType = sourcecode.swift; path = RegisterPageViewController.swift; sourceTree = "<group>"; };
		347D22291CDF3A0C0035FA28 /* PeredachaData.swift */ = {isa = PBXFileReference; fileEncoding = 4; lastKnownFileType = sourcecode.swift; path = PeredachaData.swift; sourceTree = "<group>"; };
		348C6AA91C9B41760010EB3A /* ViewController.swift */ = {isa = PBXFileReference; fileEncoding = 4; lastKnownFileType = sourcecode.swift; path = ViewController.swift; sourceTree = "<group>"; };
		34DD87621CF3A40F006FA236 /* ChildrenViewController.swift */ = {isa = PBXFileReference; fileEncoding = 4; lastKnownFileType = sourcecode.swift; path = ChildrenViewController.swift; sourceTree = "<group>"; };
		34DD87641CF3B735006FA236 /* CellChildrenTableView.swift */ = {isa = PBXFileReference; fileEncoding = 4; lastKnownFileType = sourcecode.swift; path = CellChildrenTableView.swift; sourceTree = "<group>"; };
		34E0B9181CEBEBC200DF027E /* Users.xcdatamodel */ = {isa = PBXFileReference; lastKnownFileType = wrapper.xcdatamodel; path = Users.xcdatamodel; sourceTree = "<group>"; };
		34E0B91A1CEBED0900DF027E /* User+CoreDataProperties.swift */ = {isa = PBXFileReference; fileEncoding = 4; lastKnownFileType = sourcecode.swift; path = "User+CoreDataProperties.swift"; sourceTree = "<group>"; };
		34E0B91B1CEBED0900DF027E /* User.swift */ = {isa = PBXFileReference; fileEncoding = 4; lastKnownFileType = sourcecode.swift; path = User.swift; sourceTree = "<group>"; };
		34E393971CAC1543009DC6CA /* UserData.swift */ = {isa = PBXFileReference; fileEncoding = 4; lastKnownFileType = sourcecode.swift; path = UserData.swift; sourceTree = "<group>"; };
		34E47EA41C7CFDCF002A1949 /* Wehere.app */ = {isa = PBXFileReference; explicitFileType = wrapper.application; includeInIndex = 0; path = Wehere.app; sourceTree = BUILT_PRODUCTS_DIR; };
		34E47EA71C7CFDCF002A1949 /* AppDelegate.swift */ = {isa = PBXFileReference; lastKnownFileType = sourcecode.swift; path = AppDelegate.swift; sourceTree = "<group>"; };
		34E47EAC1C7CFDCF002A1949 /* Base */ = {isa = PBXFileReference; lastKnownFileType = file.storyboard; name = Base; path = Base.lproj/Main.storyboard; sourceTree = "<group>"; };
		34E47EAE1C7CFDCF002A1949 /* Assets.xcassets */ = {isa = PBXFileReference; lastKnownFileType = folder.assetcatalog; path = Assets.xcassets; sourceTree = "<group>"; };
		34E47EB11C7CFDCF002A1949 /* Base */ = {isa = PBXFileReference; lastKnownFileType = file.storyboard; name = Base; path = Base.lproj/LaunchScreen.storyboard; sourceTree = "<group>"; };
		34E47EB31C7CFDCF002A1949 /* Info.plist */ = {isa = PBXFileReference; lastKnownFileType = text.plist.xml; path = Info.plist; sourceTree = "<group>"; };
		34E47EB91C7CFDD8002A1949 /* Podfile */ = {isa = PBXFileReference; fileEncoding = 4; lastKnownFileType = text; path = Podfile; sourceTree = "<group>"; xcLanguageSpecificationIdentifier = xcode.lang.ruby; };
		34FEC82C1CABF2EC0089ABF6 /* ConnectSockets.swift */ = {isa = PBXFileReference; fileEncoding = 4; lastKnownFileType = sourcecode.swift; path = ConnectSockets.swift; sourceTree = "<group>"; };
		53C7EE2C2CF5B7D7FF0DDC80 /* Pods.debug.xcconfig */ = {isa = PBXFileReference; includeInIndex = 1; lastKnownFileType = text.xcconfig; name = Pods.debug.xcconfig; path = "Pods/Target Support Files/Pods/Pods.debug.xcconfig"; sourceTree = "<group>"; };
		96E243E04F06792B73F35FC1 /* Pods.framework */ = {isa = PBXFileReference; explicitFileType = wrapper.framework; includeInIndex = 0; path = Pods.framework; sourceTree = BUILT_PRODUCTS_DIR; };
		C5D8C0C666E016970AF99D28 /* Pods.release.xcconfig */ = {isa = PBXFileReference; includeInIndex = 1; lastKnownFileType = text.xcconfig; name = Pods.release.xcconfig; path = "Pods/Target Support Files/Pods/Pods.release.xcconfig"; sourceTree = "<group>"; };
/* End PBXFileReference section */

/* Begin PBXFrameworksBuildPhase section */
		34E47EA11C7CFDCF002A1949 /* Frameworks */ = {
			isa = PBXFrameworksBuildPhase;
			buildActionMask = 2147483647;
			files = (
				343D83471CEA99A4002A9421 /* CoreData.framework in Frameworks */,
				347A864D1CA831FD008405A9 /* MapKit.framework in Frameworks */,
				347A864B1CA831F7008405A9 /* CoreLocation.framework in Frameworks */,
				8E545EA83A8B07E56F2AA7C6 /* Pods.framework in Frameworks */,
			);
			runOnlyForDeploymentPostprocessing = 0;
		};
/* End PBXFrameworksBuildPhase section */

/* Begin PBXGroup section */
		31927A160F5E4009F5BBAEAC /* Pods */ = {
			isa = PBXGroup;
			children = (
				53C7EE2C2CF5B7D7FF0DDC80 /* Pods.debug.xcconfig */,
				C5D8C0C666E016970AF99D28 /* Pods.release.xcconfig */,
			);
			name = Pods;
			sourceTree = "<group>";
		};
		3424893B1CEE75F00050F0C3 /* Login Signin */ = {
			isa = PBXGroup;
			children = (
				347BC6C81CDC33CA007EAB4C /* RegisterPageViewController.swift */,
				34388FB01CDD4892004027E7 /* LoginViewController.swift */,
				345AF4241CF6A26700EE8192 /* TabBar.swift */,
			);
			name = "Login Signin";
			sourceTree = "<group>";
		};
		3424893C1CEE76120050F0C3 /* Controllers */ = {
			isa = PBXGroup;
			children = (
				34E393971CAC1543009DC6CA /* UserData.swift */,
				347D22291CDF3A0C0035FA28 /* PeredachaData.swift */,
			);
			name = Controllers;
			sourceTree = "<group>";
		};
		3424893F1CEE7CF50050F0C3 /* Childrens */ = {
			isa = PBXGroup;
			children = (
				343D83441CEA967D002A9421 /* ChildrenAdd.swift */,
				34DD87621CF3A40F006FA236 /* ChildrenViewController.swift */,
				34DD87641CF3B735006FA236 /* CellChildrenTableView.swift */,
			);
			name = Childrens;
			sourceTree = "<group>";
		};
		34E47E9B1C7CFDCF002A1949 = {
			isa = PBXGroup;
			children = (
				34E47EA61C7CFDCF002A1949 /* Wehere */,
				34E47EA51C7CFDCF002A1949 /* Products */,
				31927A160F5E4009F5BBAEAC /* Pods */,
				DFF991B7BD8BFB2E66577E6E /* Frameworks */,
				34E47EB91C7CFDD8002A1949 /* Podfile */,
			);
			sourceTree = "<group>";
		};
		34E47EA51C7CFDCF002A1949 /* Products */ = {
			isa = PBXGroup;
			children = (
				34E47EA41C7CFDCF002A1949 /* Wehere.app */,
			);
			name = Products;
			sourceTree = "<group>";
		};
		34E47EA61C7CFDCF002A1949 /* Wehere */ = {
			isa = PBXGroup;
			children = (
				34E47EA71C7CFDCF002A1949 /* AppDelegate.swift */,
				348C6AA91C9B41760010EB3A /* ViewController.swift */,
				34FEC82C1CABF2EC0089ABF6 /* ConnectSockets.swift */,
				34E47EAB1C7CFDCF002A1949 /* Main.storyboard */,
				3424893F1CEE7CF50050F0C3 /* Childrens */,
				3424893C1CEE76120050F0C3 /* Controllers */,
				3424893B1CEE75F00050F0C3 /* Login Signin */,
				34E47EAE1C7CFDCF002A1949 /* Assets.xcassets */,
				34E47EB01C7CFDCF002A1949 /* LaunchScreen.storyboard */,
				34E47EB31C7CFDCF002A1949 /* Info.plist */,
				34E0B9171CEBEBC200DF027E /* Users.xcdatamodeld */,
				34E0B91A1CEBED0900DF027E /* User+CoreDataProperties.swift */,
				34E0B91B1CEBED0900DF027E /* User.swift */,
			);
			name = Wehere;
			path = sockets;
			sourceTree = "<group>";
		};
		DFF991B7BD8BFB2E66577E6E /* Frameworks */ = {
			isa = PBXGroup;
			children = (
				343D83461CEA99A4002A9421 /* CoreData.framework */,
				347A864C1CA831FD008405A9 /* MapKit.framework */,
				347A864A1CA831F7008405A9 /* CoreLocation.framework */,
				96E243E04F06792B73F35FC1 /* Pods.framework */,
			);
			name = Frameworks;
			sourceTree = "<group>";
		};
/* End PBXGroup section */

/* Begin PBXNativeTarget section */
		34E47EA31C7CFDCF002A1949 /* sockets */ = {
			isa = PBXNativeTarget;
			buildConfigurationList = 34E47EB61C7CFDCF002A1949 /* Build configuration list for PBXNativeTarget "sockets" */;
			buildPhases = (
				36719C7B661F0B440790C01F /* Check Pods Manifest.lock */,
				34E47EA01C7CFDCF002A1949 /* Sources */,
				34E47EA11C7CFDCF002A1949 /* Frameworks */,
				34E47EA21C7CFDCF002A1949 /* Resources */,
				5B426168398D5CED9E9F9756 /* Embed Pods Frameworks */,
				51BC773A06CC0D2911DBAFC4 /* Copy Pods Resources */,
			);
			buildRules = (
			);
			dependencies = (
			);
			name = sockets;
			productName = sockets;
			productReference = 34E47EA41C7CFDCF002A1949 /* Wehere.app */;
			productType = "com.apple.product-type.application";
		};
/* End PBXNativeTarget section */

/* Begin PBXProject section */
		34E47E9C1C7CFDCF002A1949 /* Project object */ = {
			isa = PBXProject;
			attributes = {
				LastSwiftUpdateCheck = 0720;
				LastUpgradeCheck = 0720;
				ORGANIZATIONNAME = "Zakhar Rudenko";
				TargetAttributes = {
					34E47EA31C7CFDCF002A1949 = {
						CreatedOnToolsVersion = 7.2.1;
						DevelopmentTeam = 43TMWG7R3Z;
						SystemCapabilities = {
							com.apple.BackgroundModes = {
								enabled = 1;
							};
						};
					};
				};
			};
			buildConfigurationList = 34E47E9F1C7CFDCF002A1949 /* Build configuration list for PBXProject "Wehere" */;
			compatibilityVersion = "Xcode 3.2";
			developmentRegion = English;
			hasScannedForEncodings = 0;
			knownRegions = (
				en,
				Base,
			);
			mainGroup = 34E47E9B1C7CFDCF002A1949;
			productRefGroup = 34E47EA51C7CFDCF002A1949 /* Products */;
			projectDirPath = "";
			projectRoot = "";
			targets = (
				34E47EA31C7CFDCF002A1949 /* sockets */,
			);
		};
/* End PBXProject section */

/* Begin PBXResourcesBuildPhase section */
		34E47EA21C7CFDCF002A1949 /* Resources */ = {
			isa = PBXResourcesBuildPhase;
			buildActionMask = 2147483647;
			files = (
				34E47EB21C7CFDCF002A1949 /* LaunchScreen.storyboard in Resources */,
				34E47EAF1C7CFDCF002A1949 /* Assets.xcassets in Resources */,
				34E47EBA1C7CFDD8002A1949 /* Podfile in Resources */,
				34E47EAD1C7CFDCF002A1949 /* Main.storyboard in Resources */,
			);
			runOnlyForDeploymentPostprocessing = 0;
		};
/* End PBXResourcesBuildPhase section */

/* Begin PBXShellScriptBuildPhase section */
		36719C7B661F0B440790C01F /* Check Pods Manifest.lock */ = {
			isa = PBXShellScriptBuildPhase;
			buildActionMask = 2147483647;
			files = (
			);
			inputPaths = (
			);
			name = "Check Pods Manifest.lock";
			outputPaths = (
			);
			runOnlyForDeploymentPostprocessing = 0;
			shellPath = /bin/sh;
			shellScript = "diff \"${PODS_ROOT}/../Podfile.lock\" \"${PODS_ROOT}/Manifest.lock\" > /dev/null\nif [[ $? != 0 ]] ; then\n    cat << EOM\nerror: The sandbox is not in sync with the Podfile.lock. Run 'pod install' or update your CocoaPods installation.\nEOM\n    exit 1\nfi\n";
			showEnvVarsInLog = 0;
		};
		51BC773A06CC0D2911DBAFC4 /* Copy Pods Resources */ = {
			isa = PBXShellScriptBuildPhase;
			buildActionMask = 2147483647;
			files = (
			);
			inputPaths = (
			);
			name = "Copy Pods Resources";
			outputPaths = (
			);
			runOnlyForDeploymentPostprocessing = 0;
			shellPath = /bin/sh;
			shellScript = "\"${SRCROOT}/Pods/Target Support Files/Pods/Pods-resources.sh\"\n";
			showEnvVarsInLog = 0;
		};
		5B426168398D5CED9E9F9756 /* Embed Pods Frameworks */ = {
			isa = PBXShellScriptBuildPhase;
			buildActionMask = 2147483647;
			files = (
			);
			inputPaths = (
			);
			name = "Embed Pods Frameworks";
			outputPaths = (
			);
			runOnlyForDeploymentPostprocessing = 0;
			shellPath = /bin/sh;
			shellScript = "\"${SRCROOT}/Pods/Target Support Files/Pods/Pods-frameworks.sh\"\n";
			showEnvVarsInLog = 0;
		};
/* End PBXShellScriptBuildPhase section */

/* Begin PBXSourcesBuildPhase section */
		34E47EA01C7CFDCF002A1949 /* Sources */ = {
			isa = PBXSourcesBuildPhase;
			buildActionMask = 2147483647;
			files = (
				34388FB11CDD4892004027E7 /* LoginViewController.swift in Sources */,
				348C6AAA1C9B41760010EB3A /* ViewController.swift in Sources */,
				347BC6C91CDC33CA007EAB4C /* RegisterPageViewController.swift in Sources */,
				34FEC82D1CABF2EC0089ABF6 /* ConnectSockets.swift in Sources */,
				34E0B9191CEBEBC200DF027E /* Users.xcdatamodeld in Sources */,
				347D222A1CDF3A0C0035FA28 /* PeredachaData.swift in Sources */,
				34E47EA81C7CFDCF002A1949 /* AppDelegate.swift in Sources */,
				34DD87651CF3B735006FA236 /* CellChildrenTableView.swift in Sources */,
				34DD87631CF3A40F006FA236 /* ChildrenViewController.swift in Sources */,
				343D83451CEA967D002A9421 /* ChildrenAdd.swift in Sources */,
				34E0B91C1CEBED0900DF027E /* User+CoreDataProperties.swift in Sources */,
				34E393981CAC1543009DC6CA /* UserData.swift in Sources */,
				34E0B91D1CEBED0900DF027E /* User.swift in Sources */,
				345AF4251CF6A26700EE8192 /* TabBar.swift in Sources */,
			);
			runOnlyForDeploymentPostprocessing = 0;
		};
/* End PBXSourcesBuildPhase section */

/* Begin PBXVariantGroup section */
		34E47EAB1C7CFDCF002A1949 /* Main.storyboard */ = {
			isa = PBXVariantGroup;
			children = (
				34E47EAC1C7CFDCF002A1949 /* Base */,
			);
			name = Main.storyboard;
			sourceTree = "<group>";
		};
		34E47EB01C7CFDCF002A1949 /* LaunchScreen.storyboard */ = {
			isa = PBXVariantGroup;
			children = (
				34E47EB11C7CFDCF002A1949 /* Base */,
			);
			name = LaunchScreen.storyboard;
			sourceTree = "<group>";
		};
/* End PBXVariantGroup section */

/* Begin XCBuildConfiguration section */
		34E47EB41C7CFDCF002A1949 /* Debug */ = {
			isa = XCBuildConfiguration;
			buildSettings = {
				ALWAYS_SEARCH_USER_PATHS = NO;
				CLANG_CXX_LANGUAGE_STANDARD = "gnu++0x";
				CLANG_CXX_LIBRARY = "libc++";
				CLANG_ENABLE_MODULES = YES;
				CLANG_ENABLE_OBJC_ARC = YES;
				CLANG_WARN_BOOL_CONVERSION = YES;
				CLANG_WARN_CONSTANT_CONVERSION = YES;
				CLANG_WARN_DIRECT_OBJC_ISA_USAGE = YES_ERROR;
				CLANG_WARN_EMPTY_BODY = YES;
				CLANG_WARN_ENUM_CONVERSION = YES;
				CLANG_WARN_INT_CONVERSION = YES;
				CLANG_WARN_OBJC_ROOT_CLASS = YES_ERROR;
				CLANG_WARN_UNREACHABLE_CODE = YES;
				CLANG_WARN__DUPLICATE_METHOD_MATCH = YES;
				"CODE_SIGN_IDENTITY[sdk=iphoneos*]" = "iPhone Developer";
				COPY_PHASE_STRIP = NO;
				DEBUG_INFORMATION_FORMAT = dwarf;
				ENABLE_STRICT_OBJC_MSGSEND = YES;
				ENABLE_TESTABILITY = YES;
				GCC_C_LANGUAGE_STANDARD = gnu99;
				GCC_DYNAMIC_NO_PIC = NO;
				GCC_NO_COMMON_BLOCKS = YES;
				GCC_OPTIMIZATION_LEVEL = 0;
				GCC_PREPROCESSOR_DEFINITIONS = (
					"DEBUG=1",
					"$(inherited)",
				);
				GCC_WARN_64_TO_32_BIT_CONVERSION = YES;
				GCC_WARN_ABOUT_RETURN_TYPE = YES_ERROR;
				GCC_WARN_UNDECLARED_SELECTOR = YES;
				GCC_WARN_UNINITIALIZED_AUTOS = YES_AGGRESSIVE;
				GCC_WARN_UNUSED_FUNCTION = YES;
				GCC_WARN_UNUSED_VARIABLE = YES;
				IPHONEOS_DEPLOYMENT_TARGET = 9.2;
				MTL_ENABLE_DEBUG_INFO = YES;
				ONLY_ACTIVE_ARCH = YES;
				SDKROOT = iphoneos;
				SWIFT_OPTIMIZATION_LEVEL = "-Onone";
			};
			name = Debug;
		};
		34E47EB51C7CFDCF002A1949 /* Release */ = {
			isa = XCBuildConfiguration;
			buildSettings = {
				ALWAYS_SEARCH_USER_PATHS = NO;
				CLANG_CXX_LANGUAGE_STANDARD = "gnu++0x";
				CLANG_CXX_LIBRARY = "libc++";
				CLANG_ENABLE_MODULES = YES;
				CLANG_ENABLE_OBJC_ARC = YES;
				CLANG_WARN_BOOL_CONVERSION = YES;
				CLANG_WARN_CONSTANT_CONVERSION = YES;
				CLANG_WARN_DIRECT_OBJC_ISA_USAGE = YES_ERROR;
				CLANG_WARN_EMPTY_BODY = YES;
				CLANG_WARN_ENUM_CONVERSION = YES;
				CLANG_WARN_INT_CONVERSION = YES;
				CLANG_WARN_OBJC_ROOT_CLASS = YES_ERROR;
				CLANG_WARN_UNREACHABLE_CODE = YES;
				CLANG_WARN__DUPLICATE_METHOD_MATCH = YES;
				"CODE_SIGN_IDENTITY[sdk=iphoneos*]" = "iPhone Developer";
				COPY_PHASE_STRIP = NO;
				DEBUG_INFORMATION_FORMAT = "dwarf-with-dsym";
				ENABLE_NS_ASSERTIONS = NO;
				ENABLE_STRICT_OBJC_MSGSEND = YES;
				GCC_C_LANGUAGE_STANDARD = gnu99;
				GCC_NO_COMMON_BLOCKS = YES;
				GCC_WARN_64_TO_32_BIT_CONVERSION = YES;
				GCC_WARN_ABOUT_RETURN_TYPE = YES_ERROR;
				GCC_WARN_UNDECLARED_SELECTOR = YES;
				GCC_WARN_UNINITIALIZED_AUTOS = YES_AGGRESSIVE;
				GCC_WARN_UNUSED_FUNCTION = YES;
				GCC_WARN_UNUSED_VARIABLE = YES;
				IPHONEOS_DEPLOYMENT_TARGET = 9.2;
				MTL_ENABLE_DEBUG_INFO = NO;
				SDKROOT = iphoneos;
				VALIDATE_PRODUCT = YES;
			};
			name = Release;
		};
		34E47EB71C7CFDCF002A1949 /* Debug */ = {
			isa = XCBuildConfiguration;
			baseConfigurationReference = 53C7EE2C2CF5B7D7FF0DDC80 /* Pods.debug.xcconfig */;
			buildSettings = {
				ASSETCATALOG_COMPILER_APPICON_NAME = AppIcon;
				CODE_SIGN_IDENTITY = "iPhone Developer";
				"CODE_SIGN_IDENTITY[sdk=iphoneos*]" = "iPhone Developer";
				INFOPLIST_FILE = sockets/Info.plist;
				LD_RUNPATH_SEARCH_PATHS = "$(inherited) @executable_path/Frameworks";
				PRODUCT_BUNDLE_IDENTIFIER = com.zakhar.sockets;
				PRODUCT_NAME = Wehere;
				PROVISIONING_PROFILE = "";
			};
			name = Debug;
		};
		34E47EB81C7CFDCF002A1949 /* Release */ = {
			isa = XCBuildConfiguration;
			baseConfigurationReference = C5D8C0C666E016970AF99D28 /* Pods.release.xcconfig */;
			buildSettings = {
				ASSETCATALOG_COMPILER_APPICON_NAME = AppIcon;
				CODE_SIGN_IDENTITY = "iPhone Developer";
				"CODE_SIGN_IDENTITY[sdk=iphoneos*]" = "iPhone Developer";
				INFOPLIST_FILE = sockets/Info.plist;
				LD_RUNPATH_SEARCH_PATHS = "$(inherited) @executable_path/Frameworks";
				PRODUCT_BUNDLE_IDENTIFIER = com.zakhar.sockets;
				PRODUCT_NAME = Wehere;
				PROVISIONING_PROFILE = "";
			};
			name = Release;
		};
/* End XCBuildConfiguration section */

/* Begin XCConfigurationList section */
		34E47E9F1C7CFDCF002A1949 /* Build configuration list for PBXProject "Wehere" */ = {
			isa = XCConfigurationList;
			buildConfigurations = (
				34E47EB41C7CFDCF002A1949 /* Debug */,
				34E47EB51C7CFDCF002A1949 /* Release */,
			);
			defaultConfigurationIsVisible = 0;
			defaultConfigurationName = Release;
		};
		34E47EB61C7CFDCF002A1949 /* Build configuration list for PBXNativeTarget "sockets" */ = {
			isa = XCConfigurationList;
			buildConfigurations = (
				34E47EB71C7CFDCF002A1949 /* Debug */,
				34E47EB81C7CFDCF002A1949 /* Release */,
			);
			defaultConfigurationIsVisible = 0;
			defaultConfigurationName = Release;
		};
/* End XCConfigurationList section */

/* Begin XCVersionGroup section */
		34E0B9171CEBEBC200DF027E /* Users.xcdatamodeld */ = {
			isa = XCVersionGroup;
			children = (
				34E0B9181CEBEBC200DF027E /* Users.xcdatamodel */,
			);
			currentVersion = 34E0B9181CEBEBC200DF027E /* Users.xcdatamodel */;
			path = Users.xcdatamodeld;
			sourceTree = "<group>";
			versionGroupType = wrapper.xcdatamodel;
		};
/* End XCVersionGroup section */
	};
	rootObject = 34E47E9C1C7CFDCF002A1949 /* Project object */;
}
